
Microsoft Visual Studio Solution File, Format Version 12.00
# Visual Studio Version 16
VisualStudioVersion = 16.0.34601.136
MinimumVisualStudioVersion = 10.0.40219.1
Project("{FAE04EC0-301F-11D3-BF4B-00C04F79EFBC}") = "figurageometrica", "figurageometrica\figurageometrica.csproj", "{7E477B9E-BA02-4799-94A9-90E2D803AF62}"
EndProject
Global
	GlobalSection(SolutionConfigurationPlatforms) = preSolution
		Debug|Any CPU = Debug|Any CPU
		Release|Any CPU = Release|Any CPU
	EndGlobalSection
	GlobalSection(ProjectConfigurationPlatforms) = postSolution
		{7E477B9E-BA02-4799-94A9-90E2D803AF62}.Debug|Any CPU.ActiveCfg = Debug|Any CPU
		{7E477B9E-BA02-4799-94A9-90E2D803AF62}.Debug|Any CPU.Build.0 = Debug|Any CPU
		{7E477B9E-BA02-4799-94A9-90E2D803AF62}.Release|Any CPU.ActiveCfg = Release|Any CPU
		{7E477B9E-BA02-4799-94A9-90E2D803AF62}.Release|Any CPU.Build.0 = Release|Any CPU
	EndGlobalSection
	GlobalSection(SolutionProperties) = preSolution
		HideSolutionNode = FALSE
	EndGlobalSection
	GlobalSection(ExtensibilityGlobals) = postSolution
		SolutionGuid = {91BB2474-2AE5-4A38-A809-92DCD36CFF6C}
	EndGlobalSection
EndGlobal
